// !$*UTF8*$!
{
	archiveVersion = 1;
	classes = {
	};
	objectVersion = 50;
	objects = {

/* Begin PBXBuildFile section */
		9C91F50823DB12E0005221D3 /* AppDelegate.swift in Sources */ = {isa = PBXBuildFile; fileRef = 9C91F50723DB12E0005221D3 /* AppDelegate.swift */; };
		9C91F50A23DB12E0005221D3 /* SceneDelegate.swift in Sources */ = {isa = PBXBuildFile; fileRef = 9C91F50923DB12E0005221D3 /* SceneDelegate.swift */; };
		9C91F50C23DB12E0005221D3 /* ViewController.swift in Sources */ = {isa = PBXBuildFile; fileRef = 9C91F50B23DB12E0005221D3 /* ViewController.swift */; };
		9C91F50F23DB12E0005221D3 /* Main.storyboard in Resources */ = {isa = PBXBuildFile; fileRef = 9C91F50D23DB12E0005221D3 /* Main.storyboard */; };
		9C91F51123DB12E1005221D3 /* Assets.xcassets in Resources */ = {isa = PBXBuildFile; fileRef = 9C91F51023DB12E1005221D3 /* Assets.xcassets */; };
		9C91F51423DB12E1005221D3 /* LaunchScreen.storyboard in Resources */ = {isa = PBXBuildFile; fileRef = 9C91F51223DB12E1005221D3 /* LaunchScreen.storyboard */; };
		9CFD437123DB164A00E6D277 /* TableViewController.swift in Sources */ = {isa = PBXBuildFile; fileRef = 9CFD437023DB164A00E6D277 /* TableViewController.swift */; };
		9CFD437423DB168800E6D277 /* TableViewCell.swift in Sources */ = {isa = PBXBuildFile; fileRef = 9CFD437223DB168800E6D277 /* TableViewCell.swift */; };
		9CFD437523DB168800E6D277 /* TableViewCell.xib in Resources */ = {isa = PBXBuildFile; fileRef = 9CFD437323DB168800E6D277 /* TableViewCell.xib */; };
		9CFD437723DB19AE00E6D277 /* Country.swift in Sources */ = {isa = PBXBuildFile; fileRef = 9CFD437623DB19AE00E6D277 /* Country.swift */; };
		9CFD437923DB3A7600E6D277 /* L10nLanguage.swift in Sources */ = {isa = PBXBuildFile; fileRef = 9CFD437823DB3A7600E6D277 /* L10nLanguage.swift */; };
/* End PBXBuildFile section */

/* Begin PBXFileReference section */
		9C91F50423DB12E0005221D3 /* i18n.app */ = {isa = PBXFileReference; explicitFileType = wrapper.application; includeInIndex = 0; path = i18n.app; sourceTree = BUILT_PRODUCTS_DIR; };
		9C91F50723DB12E0005221D3 /* AppDelegate.swift */ = {isa = PBXFileReference; lastKnownFileType = sourcecode.swift; path = AppDelegate.swift; sourceTree = "<group>"; };
		9C91F50923DB12E0005221D3 /* SceneDelegate.swift */ = {isa = PBXFileReference; lastKnownFileType = sourcecode.swift; path = SceneDelegate.swift; sourceTree = "<group>"; };
		9C91F50B23DB12E0005221D3 /* ViewController.swift */ = {isa = PBXFileReference; lastKnownFileType = sourcecode.swift; path = ViewController.swift; sourceTree = "<group>"; };
		9C91F50E23DB12E0005221D3 /* Base */ = {isa = PBXFileReference; lastKnownFileType = file.storyboard; name = Base; path = Base.lproj/Main.storyboard; sourceTree = "<group>"; };
		9C91F51023DB12E1005221D3 /* Assets.xcassets */ = {isa = PBXFileReference; lastKnownFileType = folder.assetcatalog; path = Assets.xcassets; sourceTree = "<group>"; };
		9C91F51323DB12E1005221D3 /* Base */ = {isa = PBXFileReference; lastKnownFileType = file.storyboard; name = Base; path = Base.lproj/LaunchScreen.storyboard; sourceTree = "<group>"; };
		9C91F51523DB12E1005221D3 /* Info.plist */ = {isa = PBXFileReference; lastKnownFileType = text.plist.xml; path = Info.plist; sourceTree = "<group>"; };
		9CFD437023DB164A00E6D277 /* TableViewController.swift */ = {isa = PBXFileReference; lastKnownFileType = sourcecode.swift; path = TableViewController.swift; sourceTree = "<group>"; };
		9CFD437223DB168800E6D277 /* TableViewCell.swift */ = {isa = PBXFileReference; lastKnownFileType = sourcecode.swift; path = TableViewCell.swift; sourceTree = "<group>"; };
		9CFD437323DB168800E6D277 /* TableViewCell.xib */ = {isa = PBXFileReference; lastKnownFileType = file.xib; path = TableViewCell.xib; sourceTree = "<group>"; };
		9CFD437623DB19AE00E6D277 /* Country.swift */ = {isa = PBXFileReference; lastKnownFileType = sourcecode.swift; path = Country.swift; sourceTree = "<group>"; };
		9CFD437823DB3A7600E6D277 /* L10nLanguage.swift */ = {isa = PBXFileReference; fileEncoding = 4; lastKnownFileType = sourcecode.swift; name = L10nLanguage.swift; path = ../../i18n/i18n/L10nLanguage.swift; sourceTree = "<group>"; };
/* End PBXFileReference section */

/* Begin PBXFrameworksBuildPhase section */
		9C91F50123DB12E0005221D3 /* Frameworks */ = {
			isa = PBXFrameworksBuildPhase;
			buildActionMask = 2147483647;
			files = (
			);
			runOnlyForDeploymentPostprocessing = 0;
		};
/* End PBXFrameworksBuildPhase section */

/* Begin PBXGroup section */
		9C7E5EAA23DE437B00ABC337 /* Model */ = {
			isa = PBXGroup;
			children = (
				9CFD437623DB19AE00E6D277 /* Country.swift */,
			);
			path = Model;
			sourceTree = "<group>";
		};
		9C91F4FB23DB12E0005221D3 = {
			isa = PBXGroup;
			children = (
				9C91F50623DB12E0005221D3 /* i18n */,
				9C91F50523DB12E0005221D3 /* Products */,
			);
			sourceTree = "<group>";
		};
		9C91F50523DB12E0005221D3 /* Products */ = {
			isa = PBXGroup;
			children = (
				9C91F50423DB12E0005221D3 /* i18n.app */,
			);
			name = Products;
			sourceTree = "<group>";
		};
		9C91F50623DB12E0005221D3 /* i18n */ = {
			isa = PBXGroup;
			children = (
				9C7E5EAA23DE437B00ABC337 /* Model */,
				9C91F51D23DB14C7005221D3 /* Controller */,
				9C91F50723DB12E0005221D3 /* AppDelegate.swift */,
				9C91F50923DB12E0005221D3 /* SceneDelegate.swift */,
				9CFD437823DB3A7600E6D277 /* L10nLanguage.swift */,
				9C91F50D23DB12E0005221D3 /* Main.storyboard */,
				9C91F51023DB12E1005221D3 /* Assets.xcassets */,
				9C91F51223DB12E1005221D3 /* LaunchScreen.storyboard */,
				9C91F51523DB12E1005221D3 /* Info.plist */,
			);
			path = i18n;
			sourceTree = "<group>";
		};
		9C91F51D23DB14C7005221D3 /* Controller */ = {
			isa = PBXGroup;
			children = (
				9C91F50B23DB12E0005221D3 /* ViewController.swift */,
				9CFD437023DB164A00E6D277 /* TableViewController.swift */,
				9CFD437223DB168800E6D277 /* TableViewCell.swift */,
				9CFD437323DB168800E6D277 /* TableViewCell.xib */,
			);
			path = Controller;
			sourceTree = "<group>";
		};
/* End PBXGroup section */

/* Begin PBXNativeTarget section */
		9C91F50323DB12E0005221D3 /* i18n */ = {
			isa = PBXNativeTarget;
			buildConfigurationList = 9C91F51823DB12E1005221D3 /* Build configuration list for PBXNativeTarget "i18n" */;
			buildPhases = (
				9C91F50023DB12E0005221D3 /* Sources */,
				9C91F50123DB12E0005221D3 /* Frameworks */,
				9C91F50223DB12E0005221D3 /* Resources */,
			);
			buildRules = (
			);
			dependencies = (
			);
			name = i18n;
			productName = i18n;
			productReference = 9C91F50423DB12E0005221D3 /* i18n.app */;
			productType = "com.apple.product-type.application";
		};
/* End PBXNativeTarget section */

/* Begin PBXProject section */
		9C91F4FC23DB12E0005221D3 /* Project object */ = {
			isa = PBXProject;
			attributes = {
				LastSwiftUpdateCheck = 1120;
				LastUpgradeCheck = 1120;
				ORGANIZATIONNAME = "Marina Miranda Aranha";
				TargetAttributes = {
					9C91F50323DB12E0005221D3 = {
						CreatedOnToolsVersion = 11.2;
					};
				};
			};
			buildConfigurationList = 9C91F4FF23DB12E0005221D3 /* Build configuration list for PBXProject "i18n" */;
			compatibilityVersion = "Xcode 9.3";
			developmentRegion = en;
			hasScannedForEncodings = 0;
			knownRegions = (
				en,
				Base,
			);
			mainGroup = 9C91F4FB23DB12E0005221D3;
			productRefGroup = 9C91F50523DB12E0005221D3 /* Products */;
			projectDirPath = "";
			projectRoot = "";
			targets = (
				9C91F50323DB12E0005221D3 /* i18n */,
			);
		};
/* End PBXProject section */

/* Begin PBXResourcesBuildPhase section */
		9C91F50223DB12E0005221D3 /* Resources */ = {
			isa = PBXResourcesBuildPhase;
			buildActionMask = 2147483647;
			files = (
				9C91F51423DB12E1005221D3 /* LaunchScreen.storyboard in Resources */,
				9CFD437523DB168800E6D277 /* TableViewCell.xib in Resources */,
				9C91F51123DB12E1005221D3 /* Assets.xcassets in Resources */,
				9C91F50F23DB12E0005221D3 /* Main.storyboard in Resources */,
			);
			runOnlyForDeploymentPostprocessing = 0;
		};
/* End PBXResourcesBuildPhase section */

/* Begin PBXSourcesBuildPhase section */
		9C91F50023DB12E0005221D3 /* Sources */ = {
			isa = PBXSourcesBuildPhase;
			buildActionMask = 2147483647;
			files = (
				9CFD437423DB168800E6D277 /* TableViewCell.swift in Sources */,
				9C91F50C23DB12E0005221D3 /* ViewController.swift in Sources */,
				9C91F50823DB12E0005221D3 /* AppDelegate.swift in Sources */,
				9C91F50A23DB12E0005221D3 /* SceneDelegate.swift in Sources */,
				9CFD437923DB3A7600E6D277 /* L10nLanguage.swift in Sources */,
				9CFD437723DB19AE00E6D277 /* Country.swift in Sources */,
				9CFD437123DB164A00E6D277 /* TableViewController.swift in Sources */,
			);
			runOnlyForDeploymentPostprocessing = 0;
		};
/* End PBXSourcesBuildPhase section */

/* Begin PBXVariantGroup section */
		9C91F50D23DB12E0005221D3 /* Main.storyboard */ = {
			isa = PBXVariantGroup;
			children = (
				9C91F50E23DB12E0005221D3 /* Base */,
			);
			name = Main.storyboard;
			sourceTree = "<group>";
		};
		9C91F51223DB12E1005221D3 /* LaunchScreen.storyboard */ = {
			isa = PBXVariantGroup;
			children = (
				9C91F51323DB12E1005221D3 /* Base */,
			);
			name = LaunchScreen.storyboard;
			sourceTree = "<group>";
		};
/* End PBXVariantGroup section */

/* Begin XCBuildConfiguration section */
		9C91F51623DB12E1005221D3 /* Debug */ = {
			isa = XCBuildConfiguration;
			buildSettings = {
				ALWAYS_SEARCH_USER_PATHS = NO;
				CLANG_ANALYZER_NONNULL = YES;
				CLANG_ANALYZER_NUMBER_OBJECT_CONVERSION = YES_AGGRESSIVE;
				CLANG_CXX_LANGUAGE_STANDARD = "gnu++14";
				CLANG_CXX_LIBRARY = "libc++";
				CLANG_ENABLE_MODULES = YES;
				CLANG_ENABLE_OBJC_ARC = YES;
				CLANG_ENABLE_OBJC_WEAK = YES;
				CLANG_WARN_BLOCK_CAPTURE_AUTORELEASING = YES;
				CLANG_WARN_BOOL_CONVERSION = YES;
				CLANG_WARN_COMMA = YES;
				CLANG_WARN_CONSTANT_CONVERSION = YES;
				CLANG_WARN_DEPRECATED_OBJC_IMPLEMENTATIONS = YES;
				CLANG_WARN_DIRECT_OBJC_ISA_USAGE = YES_ERROR;
				CLANG_WARN_DOCUMENTATION_COMMENTS = YES;
				CLANG_WARN_EMPTY_BODY = YES;
				CLANG_WARN_ENUM_CONVERSION = YES;
				CLANG_WARN_INFINITE_RECURSION = YES;
				CLANG_WARN_INT_CONVERSION = YES;
				CLANG_WARN_NON_LITERAL_NULL_CONVERSION = YES;
				CLANG_WARN_OBJC_IMPLICIT_RETAIN_SELF = YES;
				CLANG_WARN_OBJC_LITERAL_CONVERSION = YES;
				CLANG_WARN_OBJC_ROOT_CLASS = YES_ERROR;
				CLANG_WARN_RANGE_LOOP_ANALYSIS = YES;
				CLANG_WARN_STRICT_PROTOTYPES = YES;
				CLANG_WARN_SUSPICIOUS_MOVE = YES;
				CLANG_WARN_UNGUARDED_AVAILABILITY = YES_AGGRESSIVE;
				CLANG_WARN_UNREACHABLE_CODE = YES;
				CLANG_WARN__DUPLICATE_METHOD_MATCH = YES;
				COPY_PHASE_STRIP = NO;
				DEBUG_INFORMATION_FORMAT = dwarf;
				ENABLE_STRICT_OBJC_MSGSEND = YES;
				ENABLE_TESTABILITY = YES;
				GCC_C_LANGUAGE_STANDARD = gnu11;
				GCC_DYNAMIC_NO_PIC = NO;
				GCC_NO_COMMON_BLOCKS = YES;
				GCC_OPTIMIZATION_LEVEL = 0;
				GCC_PREPROCESSOR_DEFINITIONS = (
					"DEBUG=1",
					"$(inherited)",
				);
				GCC_WARN_64_TO_32_BIT_CONVERSION = YES;
				GCC_WARN_ABOUT_RETURN_TYPE = YES_ERROR;
				GCC_WARN_UNDECLARED_SELECTOR = YES;
				GCC_WARN_UNINITIALIZED_AUTOS = YES_AGGRESSIVE;
				GCC_WARN_UNUSED_FUNCTION = YES;
				GCC_WARN_UNUSED_VARIABLE = YES;
				IPHONEOS_DEPLOYMENT_TARGET = 13.2;
				MTL_ENABLE_DEBUG_INFO = INCLUDE_SOURCE;
				MTL_FAST_MATH = YES;
				ONLY_ACTIVE_ARCH = YES;
				SDKROOT = iphoneos;
				SWIFT_ACTIVE_COMPILATION_CONDITIONS = DEBUG;
				SWIFT_OPTIMIZATION_LEVEL = "-Onone";
			};
			name = Debug;
		};
		9C91F51723DB12E1005221D3 /* Release */ = {
			isa = XCBuildConfiguration;
			buildSettings = {
				ALWAYS_SEARCH_USER_PATHS = NO;
				CLANG_ANALYZER_NONNULL = YES;
				CLANG_ANALYZER_NUMBER_OBJECT_CONVERSION = YES_AGGRESSIVE;
				CLANG_CXX_LANGUAGE_STANDARD = "gnu++14";
				CLANG_CXX_LIBRARY = "libc++";
				CLANG_ENABLE_MODULES = YES;
				CLANG_ENABLE_OBJC_ARC = YES;
				CLANG_ENABLE_OBJC_WEAK = YES;
				CLANG_WARN_BLOCK_CAPTURE_AUTORELEASING = YES;
				CLANG_WARN_BOOL_CONVERSION = YES;
				CLANG_WARN_COMMA = YES;
				CLANG_WARN_CONSTANT_CONVERSION = YES;
				CLANG_WARN_DEPRECATED_OBJC_IMPLEMENTATIONS = YES;
				CLANG_WARN_DIRECT_OBJC_ISA_USAGE = YES_ERROR;
				CLANG_WARN_DOCUMENTATION_COMMENTS = YES;
				CLANG_WARN_EMPTY_BODY = YES;
				CLANG_WARN_ENUM_CONVERSION = YES;
				CLANG_WARN_INFINITE_RECURSION = YES;
				CLANG_WARN_INT_CONVERSION = YES;
				CLANG_WARN_NON_LITERAL_NULL_CONVERSION = YES;
				CLANG_WARN_OBJC_IMPLICIT_RETAIN_SELF = YES;
				CLANG_WARN_OBJC_LITERAL_CONVERSION = YES;
				CLANG_WARN_OBJC_ROOT_CLASS = YES_ERROR;
				CLANG_WARN_RANGE_LOOP_ANALYSIS = YES;
				CLANG_WARN_STRICT_PROTOTYPES = YES;
				CLANG_WARN_SUSPICIOUS_MOVE = YES;
				CLANG_WARN_UNGUARDED_AVAILABILITY = YES_AGGRESSIVE;
				CLANG_WARN_UNREACHABLE_CODE = YES;
				CLANG_WARN__DUPLICATE_METHOD_MATCH = YES;
				COPY_PHASE_STRIP = NO;
				DEBUG_INFORMATION_FORMAT = "dwarf-with-dsym";
				ENABLE_NS_ASSERTIONS = NO;
				ENABLE_STRICT_OBJC_MSGSEND = YES;
				GCC_C_LANGUAGE_STANDARD = gnu11;
				GCC_NO_COMMON_BLOCKS = YES;
				GCC_WARN_64_TO_32_BIT_CONVERSION = YES;
				GCC_WARN_ABOUT_RETURN_TYPE = YES_ERROR;
				GCC_WARN_UNDECLARED_SELECTOR = YES;
				GCC_WARN_UNINITIALIZED_AUTOS = YES_AGGRESSIVE;
				GCC_WARN_UNUSED_FUNCTION = YES;
				GCC_WARN_UNUSED_VARIABLE = YES;
				IPHONEOS_DEPLOYMENT_TARGET = 13.2;
				MTL_ENABLE_DEBUG_INFO = NO;
				MTL_FAST_MATH = YES;
				SDKROOT = iphoneos;
				SWIFT_COMPILATION_MODE = wholemodule;
				SWIFT_OPTIMIZATION_LEVEL = "-O";
				VALIDATE_PRODUCT = YES;
			};
			name = Release;
		};
		9C91F51923DB12E1005221D3 /* Debug */ = {
			isa = XCBuildConfiguration;
			buildSettings = {
				ASSETCATALOG_COMPILER_APPICON_NAME = AppIcon;
				CODE_SIGN_STYLE = Automatic;
				DEVELOPMENT_TEAM = P33TK2RVAJ;
				INFOPLIST_FILE = i18n/Info.plist;
				IPHONEOS_DEPLOYMENT_TARGET = 13.1;
				LD_RUNPATH_SEARCH_PATHS = (
					"$(inherited)",
					"@executable_path/Frameworks",
				);
				PRODUCT_BUNDLE_IDENTIFIER = com.marina.i18n;
				PRODUCT_NAME = "$(TARGET_NAME)";
				SWIFT_VERSION = 5.0;
				TARGETED_DEVICE_FAMILY = "1,2";
			};
			name = Debug;
		};
		9C91F51A23DB12E1005221D3 /* Release */ = {
			isa = XCBuildConfiguration;
			buildSettings = {
				ASSETCATALOG_COMPILER_APPICON_NAME = AppIcon;
				CODE_SIGN_STYLE = Automatic;
				DEVELOPMENT_TEAM = P33TK2RVAJ;
				INFOPLIST_FILE = i18n/Info.plist;
				IPHONEOS_DEPLOYMENT_TARGET = 13.1;
				LD_RUNPATH_SEARCH_PATHS = (
					"$(inherited)",
					"@executable_path/Frameworks",
				);
				PRODUCT_BUNDLE_IDENTIFIER = com.marina.i18n;
				PRODUCT_NAME = "$(TARGET_NAME)";
				SWIFT_VERSION = 5.0;
				TARGETED_DEVICE_FAMILY = "1,2";
			};
			name = Release;
		};
/* End XCBuildConfiguration section */

/* Begin XCConfigurationList section */
		9C91F4FF23DB12E0005221D3 /* Build configuration list for PBXProject "i18n" */ = {
			isa = XCConfigurationList;
			buildConfigurations = (
				9C91F51623DB12E1005221D3 /* Debug */,
				9C91F51723DB12E1005221D3 /* Release */,
			);
			defaultConfigurationIsVisible = 0;
			defaultConfigurationName = Release;
		};
		9C91F51823DB12E1005221D3 /* Build configuration list for PBXNativeTarget "i18n" */ = {
			isa = XCConfigurationList;
			buildConfigurations = (
				9C91F51923DB12E1005221D3 /* Debug */,
				9C91F51A23DB12E1005221D3 /* Release */,
			);
			defaultConfigurationIsVisible = 0;
			defaultConfigurationName = Release;
		};
/* End XCConfigurationList section */
	};
	rootObject = 9C91F4FC23DB12E0005221D3 /* Project object */;
}
